
Microsoft Visual Studio Solution File, Format Version 12.00
# Visual Studio 2017
Project("{FAE04EC0-301F-11D3-BF4B-00C04F79EFBC}") = "numberWizardUnity", "numberWizardUnity.csproj", "{379A6E21-88C2-C328-EEB7-BAD51B40ADEB}"
EndProject
Global
	GlobalSection(SolutionConfigurationPlatforms) = preSolution
		Debug|Any CPU = Debug|Any CPU
		Release|Any CPU = Release|Any CPU
	EndGlobalSection
	GlobalSection(ProjectConfigurationPlatforms) = postSolution
		{379A6E21-88C2-C328-EEB7-BAD51B40ADEB}.Debug|Any CPU.ActiveCfg = Debug|Any CPU
		{379A6E21-88C2-C328-EEB7-BAD51B40ADEB}.Debug|Any CPU.Build.0 = Debug|Any CPU
		{379A6E21-88C2-C328-EEB7-BAD51B40ADEB}.Release|Any CPU.ActiveCfg = Release|Any CPU
		{379A6E21-88C2-C328-EEB7-BAD51B40ADEB}.Release|Any CPU.Build.0 = Release|Any CPU
	EndGlobalSection
	GlobalSection(SolutionProperties) = preSolution
		HideSolutionNode = FALSE
	EndGlobalSection
EndGlobal
